
Microsoft Visual Studio Solution File, Format Version 12.00
# Visual Studio Version 17
VisualStudioVersion = 17.1.32210.238
MinimumVisualStudioVersion = 10.0.40219.1
Project("{FAE04EC0-301F-11D3-BF4B-00C04F79EFBC}") = "Plataforma.Gym.WebApi", "Plataforma.Gym.WebApi\Plataforma.Gym.WebApi.csproj", "{97204C0B-0BA2-4244-A658-18688C546BC1}"
EndProject
Project("{FAE04EC0-301F-11D3-BF4B-00C04F79EFBC}") = "Plataforma.Gym.Tests", "Plataforma.Gym.Tests\Plataforma.Gym.Tests.csproj", "{D9DFD258-1326-4716-A543-F137DB449E56}"
EndProject
Global
	GlobalSection(SolutionConfigurationPlatforms) = preSolution
		Debug|Any CPU = Debug|Any CPU
		Release|Any CPU = Release|Any CPU
	EndGlobalSection
	GlobalSection(ProjectConfigurationPlatforms) = postSolution
		{97204C0B-0BA2-4244-A658-18688C546BC1}.Debug|Any CPU.ActiveCfg = Debug|Any CPU
		{97204C0B-0BA2-4244-A658-18688C546BC1}.Debug|Any CPU.Build.0 = Debug|Any CPU
		{97204C0B-0BA2-4244-A658-18688C546BC1}.Release|Any CPU.ActiveCfg = Release|Any CPU
		{97204C0B-0BA2-4244-A658-18688C546BC1}.Release|Any CPU.Build.0 = Release|Any CPU
		{D9DFD258-1326-4716-A543-F137DB449E56}.Debug|Any CPU.ActiveCfg = Debug|Any CPU
		{D9DFD258-1326-4716-A543-F137DB449E56}.Debug|Any CPU.Build.0 = Debug|Any CPU
		{D9DFD258-1326-4716-A543-F137DB449E56}.Release|Any CPU.ActiveCfg = Release|Any CPU
		{D9DFD258-1326-4716-A543-F137DB449E56}.Release|Any CPU.Build.0 = Release|Any CPU
	EndGlobalSection
	GlobalSection(SolutionProperties) = preSolution
		HideSolutionNode = FALSE
	EndGlobalSection
	GlobalSection(ExtensibilityGlobals) = postSolution
		SolutionGuid = {B3FCEF4F-1C96-4ECB-862F-2CFF1161A756}
	EndGlobalSection
EndGlobal
